
Microsoft Visual Studio Solution File, Format Version 12.00
# Visual Studio 14
VisualStudioVersion = 14.0.23107.0
MinimumVisualStudioVersion = 10.0.40219.1
Project("{FAE04EC0-301F-11D3-BF4B-00C04F79EFBC}") = "debesalgo", "debesalgo\debesalgo.csproj", "{4DB0BFD8-B57B-4913-A55E-C7D35F35DCF5}"
EndProject
Project("{FAE04EC0-301F-11D3-BF4B-00C04F79EFBC}") = "debesalgo.Tests", "debesalgo.Tests\debesalgo.Tests.csproj", "{9884CC3C-6D83-4E9E-B2E2-6C89979C011E}"
EndProject
Project("{2150E333-8FDC-42A3-9474-1A3956D46DE8}") = "PublishScripts", "PublishScripts", "{6FA76F28-392B-46CF-A92C-7C6BBD9D097D}"
	ProjectSection(SolutionItems) = preProject
		PublishScripts\AzureVMPublishModule.psm1 = PublishScripts\AzureVMPublishModule.psm1
		PublishScripts\Publish-WebApplicationVM.ps1 = PublishScripts\Publish-WebApplicationVM.ps1
	EndProjectSection
EndProject
Project("{2150E333-8FDC-42A3-9474-1A3956D46DE8}") = "Configurations", "Configurations", "{A225C0D8-CDDE-4E82-A875-B71259748DA7}"
	ProjectSection(SolutionItems) = preProject
		PublishScripts\Configurations\debesalgo-WAWS-dev.json = PublishScripts\Configurations\debesalgo-WAWS-dev.json
	EndProjectSection
EndProject
Global
	GlobalSection(SolutionConfigurationPlatforms) = preSolution
		Debug|Any CPU = Debug|Any CPU
		Release|Any CPU = Release|Any CPU
	EndGlobalSection
	GlobalSection(ProjectConfigurationPlatforms) = postSolution
		{4DB0BFD8-B57B-4913-A55E-C7D35F35DCF5}.Debug|Any CPU.ActiveCfg = Debug|Any CPU
		{4DB0BFD8-B57B-4913-A55E-C7D35F35DCF5}.Debug|Any CPU.Build.0 = Debug|Any CPU
		{4DB0BFD8-B57B-4913-A55E-C7D35F35DCF5}.Release|Any CPU.ActiveCfg = Release|Any CPU
		{4DB0BFD8-B57B-4913-A55E-C7D35F35DCF5}.Release|Any CPU.Build.0 = Release|Any CPU
		{9884CC3C-6D83-4E9E-B2E2-6C89979C011E}.Debug|Any CPU.ActiveCfg = Debug|Any CPU
		{9884CC3C-6D83-4E9E-B2E2-6C89979C011E}.Debug|Any CPU.Build.0 = Debug|Any CPU
		{9884CC3C-6D83-4E9E-B2E2-6C89979C011E}.Release|Any CPU.ActiveCfg = Release|Any CPU
		{9884CC3C-6D83-4E9E-B2E2-6C89979C011E}.Release|Any CPU.Build.0 = Release|Any CPU
	EndGlobalSection
	GlobalSection(SolutionProperties) = preSolution
		HideSolutionNode = FALSE
	EndGlobalSection
	GlobalSection(NestedProjects) = preSolution
		{A225C0D8-CDDE-4E82-A875-B71259748DA7} = {6FA76F28-392B-46CF-A92C-7C6BBD9D097D}
	EndGlobalSection
	GlobalSection(TeamFoundationVersionControl) = preSolution
		SccNumberOfProjects = 3
		SccEnterpriseProvider = {4CA58AB2-18FA-4F8D-95D4-32DDF27D184C}
		SccTeamFoundationServer = https://beeroclock.visualstudio.com/defaultcollection
		SccLocalPath0 = .
		SccProjectUniqueName1 = debesalgo.Tests\\debesalgo.Tests.csproj
		SccProjectName1 = debesalgo.Tests
		SccLocalPath1 = debesalgo.Tests
		SccProjectUniqueName2 = debesalgo\\debesalgo.csproj
		SccProjectName2 = debesalgo
		SccLocalPath2 = debesalgo
	EndGlobalSection
EndGlobal
